
Microsoft Visual Studio Solution File, Format Version 12.00
# Visual Studio Version 17
VisualStudioVersion = 17.0.32112.339
MinimumVisualStudioVersion = 10.0.40219.1
Project("{9A19103F-16F7-4668-BE54-9A1E7A4F7556}") = "Bzs.Mensa.Server.DataAccess", "Bzs.Mensa.Server.DataAccess\Bzs.Mensa.Server.DataAccess.csproj", "{6E2CED6E-DD7A-4C92-9D0C-15544DDF3B09}"
EndProject
Project("{00D1A9C2-B5F0-4AF3-8072-F6C62B433612}") = "Bzs.Mensa.Server.Database", "Bzs.Mensa.Server.Database\Bzs.Mensa.Server.Database.sqlproj", "{1E8DEBA7-D248-4AE7-800C-B193EB8248B7}"
EndProject
Project("{9A19103F-16F7-4668-BE54-9A1E7A4F7556}") = "Bzs.Mensa.Shared", "Bzs.Mensa.Shared\Bzs.Mensa.Shared.csproj", "{FA5DE3F8-18B3-482F-BC57-24AFFE61EEED}"
EndProject
Project("{9A19103F-16F7-4668-BE54-9A1E7A4F7556}") = "Bzs.Mensa.Server.UnitTest", "Bzs.Mensa.Server.UnitTest\Bzs.Mensa.Server.UnitTest.csproj", "{1826B238-A844-4814-A2A6-B8326332B608}"
EndProject
Project("{9A19103F-16F7-4668-BE54-9A1E7A4F7556}") = "Bzs.Mensa.Shared.UnitTest", "Bzs.Mensa.Shared.UnitTest\Bzs.Mensa.Shared.UnitTest.csproj", "{9E48F13F-F68F-45BB-A08F-543AF5A20389}"
EndProject
Project("{9A19103F-16F7-4668-BE54-9A1E7A4F7556}") = "Bzs.Mensa.Server.Services", "Bzs.Mensa.Server.Services\Bzs.Mensa.Server.Services.csproj", "{AF015650-2E89-4EF7-A4C3-D943613B4EF3}"
EndProject
Project("{FAE04EC0-301F-11D3-BF4B-00C04F79EFBC}") = "Bzs.Mensa.Server.Web", "Bzs.Mensa.Server.Web\Bzs.Mensa.Server.Web.csproj", "{A7CACEB9-4CE7-404C-AA06-DE653F9F4C3C}"
EndProject
Global
	GlobalSection(SolutionConfigurationPlatforms) = preSolution
		Debug|Any CPU = Debug|Any CPU
		Release|Any CPU = Release|Any CPU
	EndGlobalSection
	GlobalSection(ProjectConfigurationPlatforms) = postSolution
		{6E2CED6E-DD7A-4C92-9D0C-15544DDF3B09}.Debug|Any CPU.ActiveCfg = Debug|Any CPU
		{6E2CED6E-DD7A-4C92-9D0C-15544DDF3B09}.Debug|Any CPU.Build.0 = Debug|Any CPU
		{6E2CED6E-DD7A-4C92-9D0C-15544DDF3B09}.Release|Any CPU.ActiveCfg = Release|Any CPU
		{6E2CED6E-DD7A-4C92-9D0C-15544DDF3B09}.Release|Any CPU.Build.0 = Release|Any CPU
		{1E8DEBA7-D248-4AE7-800C-B193EB8248B7}.Debug|Any CPU.ActiveCfg = Debug|Any CPU
		{1E8DEBA7-D248-4AE7-800C-B193EB8248B7}.Debug|Any CPU.Build.0 = Debug|Any CPU
		{1E8DEBA7-D248-4AE7-800C-B193EB8248B7}.Debug|Any CPU.Deploy.0 = Debug|Any CPU
		{1E8DEBA7-D248-4AE7-800C-B193EB8248B7}.Release|Any CPU.ActiveCfg = Release|Any CPU
		{1E8DEBA7-D248-4AE7-800C-B193EB8248B7}.Release|Any CPU.Build.0 = Release|Any CPU
		{1E8DEBA7-D248-4AE7-800C-B193EB8248B7}.Release|Any CPU.Deploy.0 = Release|Any CPU
		{FA5DE3F8-18B3-482F-BC57-24AFFE61EEED}.Debug|Any CPU.ActiveCfg = Debug|Any CPU
		{FA5DE3F8-18B3-482F-BC57-24AFFE61EEED}.Debug|Any CPU.Build.0 = Debug|Any CPU
		{FA5DE3F8-18B3-482F-BC57-24AFFE61EEED}.Release|Any CPU.ActiveCfg = Release|Any CPU
		{FA5DE3F8-18B3-482F-BC57-24AFFE61EEED}.Release|Any CPU.Build.0 = Release|Any CPU
		{1826B238-A844-4814-A2A6-B8326332B608}.Debug|Any CPU.ActiveCfg = Debug|Any CPU
		{1826B238-A844-4814-A2A6-B8326332B608}.Debug|Any CPU.Build.0 = Debug|Any CPU
		{1826B238-A844-4814-A2A6-B8326332B608}.Release|Any CPU.ActiveCfg = Release|Any CPU
		{1826B238-A844-4814-A2A6-B8326332B608}.Release|Any CPU.Build.0 = Release|Any CPU
		{9E48F13F-F68F-45BB-A08F-543AF5A20389}.Debug|Any CPU.ActiveCfg = Debug|Any CPU
		{9E48F13F-F68F-45BB-A08F-543AF5A20389}.Debug|Any CPU.Build.0 = Debug|Any CPU
		{9E48F13F-F68F-45BB-A08F-543AF5A20389}.Release|Any CPU.ActiveCfg = Release|Any CPU
		{9E48F13F-F68F-45BB-A08F-543AF5A20389}.Release|Any CPU.Build.0 = Release|Any CPU
		{AF015650-2E89-4EF7-A4C3-D943613B4EF3}.Debug|Any CPU.ActiveCfg = Debug|Any CPU
		{AF015650-2E89-4EF7-A4C3-D943613B4EF3}.Debug|Any CPU.Build.0 = Debug|Any CPU
		{AF015650-2E89-4EF7-A4C3-D943613B4EF3}.Release|Any CPU.ActiveCfg = Release|Any CPU
		{AF015650-2E89-4EF7-A4C3-D943613B4EF3}.Release|Any CPU.Build.0 = Release|Any CPU
		{A7CACEB9-4CE7-404C-AA06-DE653F9F4C3C}.Debug|Any CPU.ActiveCfg = Debug|Any CPU
		{A7CACEB9-4CE7-404C-AA06-DE653F9F4C3C}.Debug|Any CPU.Build.0 = Debug|Any CPU
		{A7CACEB9-4CE7-404C-AA06-DE653F9F4C3C}.Release|Any CPU.ActiveCfg = Release|Any CPU
		{A7CACEB9-4CE7-404C-AA06-DE653F9F4C3C}.Release|Any CPU.Build.0 = Release|Any CPU
	EndGlobalSection
	GlobalSection(SolutionProperties) = preSolution
		HideSolutionNode = FALSE
	EndGlobalSection
	GlobalSection(ExtensibilityGlobals) = postSolution
		SolutionGuid = {5D764070-2119-4CFF-812B-482854BA354B}
	EndGlobalSection
EndGlobal
